
Microsoft Visual Studio Solution File, Format Version 12.00
# Visual Studio Version 17
VisualStudioVersion = 17.5.33516.290
MinimumVisualStudioVersion = 10.0.40219.1
Project("{FAE04EC0-301F-11D3-BF4B-00C04F79EFBC}") = "OOOCalc", "LabPractice0419\OOOCalc.csproj", "{FA583F5A-CDE0-4A94-B0EC-BADFD501944D}"
EndProject
Project("{FAE04EC0-301F-11D3-BF4B-00C04F79EFBC}") = "OOOCalc.test", "OOOCalc.test\OOOCalc.test.csproj", "{9C19E3FE-5BD1-4B6A-A88B-2E4ECD432023}"
EndProject
Global
	GlobalSection(SolutionConfigurationPlatforms) = preSolution
		Debug|Any CPU = Debug|Any CPU
		Release|Any CPU = Release|Any CPU
	EndGlobalSection
	GlobalSection(ProjectConfigurationPlatforms) = postSolution
		{FA583F5A-CDE0-4A94-B0EC-BADFD501944D}.Debug|Any CPU.ActiveCfg = Debug|Any CPU
		{FA583F5A-CDE0-4A94-B0EC-BADFD501944D}.Debug|Any CPU.Build.0 = Debug|Any CPU
		{FA583F5A-CDE0-4A94-B0EC-BADFD501944D}.Release|Any CPU.ActiveCfg = Release|Any CPU
		{FA583F5A-CDE0-4A94-B0EC-BADFD501944D}.Release|Any CPU.Build.0 = Release|Any CPU
		{9C19E3FE-5BD1-4B6A-A88B-2E4ECD432023}.Debug|Any CPU.ActiveCfg = Debug|Any CPU
		{9C19E3FE-5BD1-4B6A-A88B-2E4ECD432023}.Debug|Any CPU.Build.0 = Debug|Any CPU
		{9C19E3FE-5BD1-4B6A-A88B-2E4ECD432023}.Release|Any CPU.ActiveCfg = Release|Any CPU
		{9C19E3FE-5BD1-4B6A-A88B-2E4ECD432023}.Release|Any CPU.Build.0 = Release|Any CPU
	EndGlobalSection
	GlobalSection(SolutionProperties) = preSolution
		HideSolutionNode = FALSE
	EndGlobalSection
	GlobalSection(ExtensibilityGlobals) = postSolution
		SolutionGuid = {B25F4719-9045-4CCF-805B-22ED2A05E7B1}
	EndGlobalSection
EndGlobal
